<?xml version="1.0" encoding="utf-8"?>
<Project ToolsVersion="4.0" xmlns="http://schemas.microsoft.com/developer/msbuild/2003">
  <ItemGroup>
    <ClCompile Include="$(MSBuildThisFileDirectory)WinMain.cpp" />
    <ClCompile Include="$(MSBuildThisFileDirectory)Checkpoint.cpp">
      <Filter>Colliders</Filter>
    </ClCompile>
    <ClCompile Include="$(MSBuildThisFileDirectory)ColliderObject.cpp">
      <Filter>Colliders</Filter>
    </ClCompile>
    <ClCompile Include="$(MSBuildThisFileDirectory)CountDown.cpp">
      <Filter>Systems</Filter>
    </ClCompile>
    <ClCompile Include="$(MSBuildThisFileDirectory)Fade.cpp">
      <Filter>Systems</Filter>
    </ClCompile>
    <ClCompile Include="$(MSBuildThisFileDirectory)GameStage.cpp">
      <Filter>Stages</Filter>
    </ClCompile>
    <ClCompile Include="$(MSBuildThisFileDirectory)GameSystems.cpp">
      <Filter>Systems</Filter>
    </ClCompile>
    <ClCompile Include="$(MSBuildThisFileDirectory)Items.cpp">
      <Filter>GameObjects</Filter>
    </ClCompile>
    <ClCompile Include="$(MSBuildThisFileDirectory)MyCamera.cpp">
      <Filter>GameObjects</Filter>
    </ClCompile>
    <ClCompile Include="$(MSBuildThisFileDirectory)Player.cpp">
      <Filter>GameObjects</Filter>
    </ClCompile>
    <ClCompile Include="$(MSBuildThisFileDirectory)ProjectBehavior.cpp">
      <Filter>Projects</Filter>
    </ClCompile>
    <ClCompile Include="$(MSBuildThisFileDirectory)ProjectShader.cpp">
      <Filter>Projects</Filter>
    </ClCompile>
    <ClCompile Include="$(MSBuildThisFileDirectory)ResultScene.cpp">
      <Filter>Stages</Filter>
    </ClCompile>
    <ClCompile Include="$(MSBuildThisFileDirectory)Scene.cpp">
      <Filter>Stages</Filter>
    </ClCompile>
    <ClCompile Include="$(MSBuildThisFileDirectory)Sprite.cpp">
      <Filter>GameObjects</Filter>
    </ClCompile>
    <ClCompile Include="$(MSBuildThisFileDirectory)Stage.cpp">
      <Filter>Stages</Filter>
    </ClCompile>
    <ClCompile Include="$(MSBuildThisFileDirectory)StartPause.cpp">
      <Filter>Stages</Filter>
    </ClCompile>
    <ClCompile Include="$(MSBuildThisFileDirectory)TestStage.cpp">
      <Filter>Stages</Filter>
    </ClCompile>
    <ClCompile Include="$(MSBuildThisFileDirectory)TitleScene.cpp">
      <Filter>Stages</Filter>
    </ClCompile>
    <ClCompile Include="$(MSBuildThisFileDirectory)TestBlock.cpp">
      <Filter>GameObjects</Filter>
    </ClCompile>
    <ClCompile Include="$(MSBuildThisFileDirectory)Timer.cpp">
      <Filter>Systems</Filter>
    </ClCompile>
    <ClCompile Include="$(MSBuildThisFileDirectory)NetWork.cpp">
      <Filter>Systems</Filter>
    </ClCompile>
  </ItemGroup>
  <ItemGroup>
    <ClInclude Include="$(MSBuildThisFileDirectory)Checkpoint.h">
      <Filter>Colliders</Filter>
    </ClInclude>
    <ClInclude Include="$(MSBuildThisFileDirectory)ColliderObject.h">
      <Filter>Colliders</Filter>
    </ClInclude>
    <ClInclude Include="$(MSBuildThisFileDirectory)CountDown.h">
      <Filter>Systems</Filter>
    </ClInclude>
    <ClInclude Include="$(MSBuildThisFileDirectory)Fade.h">
      <Filter>Systems</Filter>
    </ClInclude>
    <ClInclude Include="$(MSBuildThisFileDirectory)GameStage.h">
      <Filter>Stages</Filter>
    </ClInclude>
    <ClInclude Include="$(MSBuildThisFileDirectory)GameSystems.h">
      <Filter>Systems</Filter>
    </ClInclude>
    <ClInclude Include="$(MSBuildThisFileDirectory)Items.h">
      <Filter>GameObjects</Filter>
    </ClInclude>
    <ClInclude Include="$(MSBuildThisFileDirectory)MyCamera.h">
      <Filter>GameObjects</Filter>
    </ClInclude>
    <ClInclude Include="$(MSBuildThisFileDirectory)Objects.h">
      <Filter>GameObjects</Filter>
    </ClInclude>
    <ClInclude Include="$(MSBuildThisFileDirectory)Player.h">
      <Filter>GameObjects</Filter>
    </ClInclude>
    <ClInclude Include="$(MSBuildThisFileDirectory)Project.h">
      <Filter>Projects</Filter>
    </ClInclude>
    <ClInclude Include="$(MSBuildThisFileDirectory)ProjectBehavior.h">
      <Filter>Projects</Filter>
    </ClInclude>
    <ClInclude Include="$(MSBuildThisFileDirectory)ProjectShader.h">
      <Filter>Projects</Filter>
    </ClInclude>
    <ClInclude Include="$(MSBuildThisFileDirectory)ResultScene.h">
      <Filter>Stages</Filter>
    </ClInclude>
    <ClInclude Include="$(MSBuildThisFileDirectory)Scene.h">
      <Filter>Stages</Filter>
    </ClInclude>
    <ClInclude Include="$(MSBuildThisFileDirectory)Sprite.h">
      <Filter>GameObjects</Filter>
    </ClInclude>
    <ClInclude Include="$(MSBuildThisFileDirectory)Stage.h">
      <Filter>Stages</Filter>
    </ClInclude>
    <ClInclude Include="$(MSBuildThisFileDirectory)StartPause.h">
      <Filter>Stages</Filter>
    </ClInclude>
    <ClInclude Include="$(MSBuildThisFileDirectory)TestStage.h">
      <Filter>Stages</Filter>
    </ClInclude>
    <ClInclude Include="$(MSBuildThisFileDirectory)TitleScene.h">
      <Filter>Stages</Filter>
    </ClInclude>
    <ClInclude Include="$(MSBuildThisFileDirectory)TestBlock.h">
      <Filter>GameObjects</Filter>
    </ClInclude>
    <ClInclude Include="$(MSBuildThisFileDirectory)Timer.h">
      <Filter>Systems</Filter>
    </ClInclude>
    <ClInclude Include="$(MSBuildThisFileDirectory)Network.h">
      <Filter>Systems</Filter>
    </ClInclude>
  </ItemGroup>
  <ItemGroup>
    <Filter Include="GameObjects">
      <UniqueIdentifier>{994599ad-fce5-410e-a62b-28db616c0dff}</UniqueIdentifier>
    </Filter>
    <Filter Include="Colliders">
      <UniqueIdentifier>{360ea948-0edf-4357-8514-65c7c01b18d9}</UniqueIdentifier>
    </Filter>
    <Filter Include="Systems">
      <UniqueIdentifier>{f0319be9-032b-4b23-9d01-ca34256a8b15}</UniqueIdentifier>
    </Filter>
    <Filter Include="Stages">
      <UniqueIdentifier>{aadb689a-8148-471e-89da-cba7ae694a97}</UniqueIdentifier>
    </Filter>
    <Filter Include="Projects">
      <UniqueIdentifier>{6701ac47-7dd1-4dcd-b3ec-20e03d40683f}</UniqueIdentifier>
    </Filter>
  </ItemGroup>
</Project>