<?xml version="1.0" encoding="utf-8"?>
<Project ToolsVersion="4.0" xmlns="http://schemas.microsoft.com/developer/msbuild/2003">
  <ItemGroup>
    <Filter Include="Scene">
      <UniqueIdentifier>{bdf173db-a343-4218-b8b0-66ac16f0b63b}</UniqueIdentifier>
    </Filter>
    <Filter Include="Scene\Headers">
      <UniqueIdentifier>{42c6b9c4-9322-41d8-bf1e-2edf43f657b7}</UniqueIdentifier>
    </Filter>
    <Filter Include="Scene\Sources">
      <UniqueIdentifier>{b7b15ca8-8472-4930-a73a-0054a2d2c538}</UniqueIdentifier>
    </Filter>
    <Filter Include="System">
      <UniqueIdentifier>{2b0e6dac-367a-4ced-aa8c-eaca9e984698}</UniqueIdentifier>
    </Filter>
    <Filter Include="System\Headers">
      <UniqueIdentifier>{87848ed3-7830-4421-8e8c-8a4c59cb2e54}</UniqueIdentifier>
    </Filter>
    <Filter Include="System\Sources">
      <UniqueIdentifier>{156e109e-b3c5-4eec-b2db-7473a1e74e74}</UniqueIdentifier>
    </Filter>
    <Filter Include="characters">
      <UniqueIdentifier>{d01ee5e3-d1ea-47dc-95fd-21c3283f6d3d}</UniqueIdentifier>
    </Filter>
    <Filter Include="characters\Headers">
      <UniqueIdentifier>{4b0a624a-610d-4bc6-b311-2b02a781cdf9}</UniqueIdentifier>
    </Filter>
    <Filter Include="characters\Sources">
      <UniqueIdentifier>{96692d2a-8790-41a9-bfac-6c5662d4ad61}</UniqueIdentifier>
    </Filter>
  </ItemGroup>
  <ItemGroup>
    <ClInclude Include="$(MSBuildThisFileDirectory)TitleScene.h">
      <Filter>Scene\Headers</Filter>
    </ClInclude>
    <ClInclude Include="$(MSBuildThisFileDirectory)ProjectShader.h">
      <Filter>System\Headers</Filter>
    </ClInclude>
    <ClInclude Include="$(MSBuildThisFileDirectory)Project.h">
      <Filter>System\Headers</Filter>
    </ClInclude>
    <ClInclude Include="$(MSBuildThisFileDirectory)ProjectBehavior.h">
      <Filter>System\Headers</Filter>
    </ClInclude>
    <ClInclude Include="$(MSBuildThisFileDirectory)Player.h">
      <Filter>characters\Headers</Filter>
    </ClInclude>
    <ClInclude Include="$(MSBuildThisFileDirectory)Character.h">
      <Filter>characters\Headers</Filter>
    </ClInclude>
    <ClInclude Include="$(MSBuildThisFileDirectory)GameStage.h">
      <Filter>Scene\Headers</Filter>
    </ClInclude>
    <ClInclude Include="$(MSBuildThisFileDirectory)GameSystems.h">
      <Filter>System\Headers</Filter>
    </ClInclude>
    <ClInclude Include="$(MSBuildThisFileDirectory)Scene.h">
      <Filter>System\Headers</Filter>
    </ClInclude>
  </ItemGroup>
  <ItemGroup>
    <ClCompile Include="$(MSBuildThisFileDirectory)Character.cpp">
      <Filter>characters\Sources</Filter>
    </ClCompile>
    <ClCompile Include="$(MSBuildThisFileDirectory)Player.cpp">
      <Filter>characters\Sources</Filter>
    </ClCompile>
    <ClCompile Include="$(MSBuildThisFileDirectory)Scene.cpp">
      <Filter>System\Sources</Filter>
    </ClCompile>
    <ClCompile Include="$(MSBuildThisFileDirectory)ProjectShader.cpp">
      <Filter>System\Sources</Filter>
    </ClCompile>
    <ClCompile Include="$(MSBuildThisFileDirectory)ProjectBehavior.cpp">
      <Filter>System\Sources</Filter>
    </ClCompile>
    <ClCompile Include="$(MSBuildThisFileDirectory)WinMain.cpp">
      <Filter>System</Filter>
    </ClCompile>
    <ClCompile Include="$(MSBuildThisFileDirectory)GameStage.cpp">
      <Filter>Scene\Sources</Filter>
    </ClCompile>
    <ClCompile Include="$(MSBuildThisFileDirectory)TitleScene.cpp">
      <Filter>Scene\Sources</Filter>
    </ClCompile>
    <ClCompile Include="$(MSBuildThisFileDirectory)GameSystems.cpp">
      <Filter>System\Sources</Filter>
    </ClCompile>
    <ClCompile Include="D:\KorokoroOdebuchan\Project\FullSample100\GameSources\TestStage.cpp">
      <Filter>Sources</Filter>
    </ClCompile>
  </ItemGroup>
</Project>